Microsoft Visual Studio Solution File, Format Version 11.00
# Visual Studio 2008

Project("{2E6D4791-ABD4-6241-0070-509EB9CCBCB5}") = "10-TwinStick", "Assembly-CSharp-firstpass.csproj", "{F2AD0DF4-DE4F-0DA1-B3E8-AF5569C9F8BA}"
EndProject
Project("{2E6D4791-ABD4-6241-0070-509EB9CCBCB5}") = "10-TwinStick", "Assembly-CSharp.csproj", "{BCE73570-E000-DE98-7421-6EF57ECBA236}"
EndProject
Project("{2E6D4791-ABD4-6241-0070-509EB9CCBCB5}") = "10-TwinStick", "Assembly-CSharp-Editor.csproj", "{AD4E9BD4-4550-79C7-9AF5-5EF26FC9ACD4}"
EndProject
Global
	GlobalSection(SolutionConfigurationPlatforms) = preSolution
		Debug|Any CPU = Debug|Any CPU
		Release|Any CPU = Release|Any CPU
	EndGlobalSection
	GlobalSection(ProjectConfigurationPlatforms) = postSolution
		{F2AD0DF4-DE4F-0DA1-B3E8-AF5569C9F8BA}.Debug|Any CPU.ActiveCfg = Debug|Any CPU
		{F2AD0DF4-DE4F-0DA1-B3E8-AF5569C9F8BA}.Debug|Any CPU.Build.0 = Debug|Any CPU
		{F2AD0DF4-DE4F-0DA1-B3E8-AF5569C9F8BA}.Release|Any CPU.ActiveCfg = Release|Any CPU
		{F2AD0DF4-DE4F-0DA1-B3E8-AF5569C9F8BA}.Release|Any CPU.Build.0 = Release|Any CPU
		{BCE73570-E000-DE98-7421-6EF57ECBA236}.Debug|Any CPU.ActiveCfg = Debug|Any CPU
		{BCE73570-E000-DE98-7421-6EF57ECBA236}.Debug|Any CPU.Build.0 = Debug|Any CPU
		{BCE73570-E000-DE98-7421-6EF57ECBA236}.Release|Any CPU.ActiveCfg = Release|Any CPU
		{BCE73570-E000-DE98-7421-6EF57ECBA236}.Release|Any CPU.Build.0 = Release|Any CPU
		{AD4E9BD4-4550-79C7-9AF5-5EF26FC9ACD4}.Debug|Any CPU.ActiveCfg = Debug|Any CPU
		{AD4E9BD4-4550-79C7-9AF5-5EF26FC9ACD4}.Debug|Any CPU.Build.0 = Debug|Any CPU
		{AD4E9BD4-4550-79C7-9AF5-5EF26FC9ACD4}.Release|Any CPU.ActiveCfg = Release|Any CPU
		{AD4E9BD4-4550-79C7-9AF5-5EF26FC9ACD4}.Release|Any CPU.Build.0 = Release|Any CPU
	EndGlobalSection
	GlobalSection(SolutionProperties) = preSolution
		HideSolutionNode = FALSE
	EndGlobalSection
	GlobalSection(MonoDevelopProperties) = preSolution
		StartupItem = Assembly-CSharp.csproj
	EndGlobalSection
EndGlobal
